
Microsoft Visual Studio Solution File, Format Version 12.00
# Visual Studio Version 17
VisualStudioVersion = 17.10.34928.147
MinimumVisualStudioVersion = 10.0.40219.1
Project("{E53339B2-1760-4266-BCC7-CA923CBCF16C}") = "docker-compose", "docker-compose.dcproj", "{63EA1874-D6B8-4D52-B916-C775919DD577}"
EndProject
Project("{FAE04EC0-301F-11D3-BF4B-00C04F79EFBC}") = "CoreService.Api", "Services\CoreService.Api\CoreService.Api.csproj", "{94A409B2-9D11-41F4-9BB8-6B89AC26764E}"
EndProject
Project("{2150E333-8FDC-42A3-9474-1A3956D46DE8}") = "Services", "Services", "{89CC78B4-9A7B-46F4-B786-7FB0D49911B2}"
EndProject
Global
	GlobalSection(SolutionConfigurationPlatforms) = preSolution
		Debug|Any CPU = Debug|Any CPU
		Release|Any CPU = Release|Any CPU
	EndGlobalSection
	GlobalSection(ProjectConfigurationPlatforms) = postSolution
		{63EA1874-D6B8-4D52-B916-C775919DD577}.Debug|Any CPU.ActiveCfg = Debug|Any CPU
		{63EA1874-D6B8-4D52-B916-C775919DD577}.Debug|Any CPU.Build.0 = Debug|Any CPU
		{63EA1874-D6B8-4D52-B916-C775919DD577}.Release|Any CPU.ActiveCfg = Release|Any CPU
		{63EA1874-D6B8-4D52-B916-C775919DD577}.Release|Any CPU.Build.0 = Release|Any CPU
		{94A409B2-9D11-41F4-9BB8-6B89AC26764E}.Debug|Any CPU.ActiveCfg = Debug|Any CPU
		{94A409B2-9D11-41F4-9BB8-6B89AC26764E}.Debug|Any CPU.Build.0 = Debug|Any CPU
		{94A409B2-9D11-41F4-9BB8-6B89AC26764E}.Release|Any CPU.ActiveCfg = Release|Any CPU
		{94A409B2-9D11-41F4-9BB8-6B89AC26764E}.Release|Any CPU.Build.0 = Release|Any CPU
	EndGlobalSection
	GlobalSection(SolutionProperties) = preSolution
		HideSolutionNode = FALSE
	EndGlobalSection
	GlobalSection(NestedProjects) = preSolution
		{94A409B2-9D11-41F4-9BB8-6B89AC26764E} = {89CC78B4-9A7B-46F4-B786-7FB0D49911B2}
	EndGlobalSection
	GlobalSection(ExtensibilityGlobals) = postSolution
		SolutionGuid = {DC6C6DEA-3EB6-439A-AE03-43698361909A}
	EndGlobalSection
EndGlobal
