
Microsoft Visual Studio Solution File, Format Version 12.00
# Visual Studio Version 17
VisualStudioVersion = 17.10.34928.147
MinimumVisualStudioVersion = 10.0.40219.1
Project("{FAE04EC0-301F-11D3-BF4B-00C04F79EFBC}") = "CoreService", "CoreService\CoreService.csproj", "{F1020521-922F-4EF4-9806-E6166FD844B1}"
EndProject
Project("{E53339B2-1760-4266-BCC7-CA923CBCF16C}") = "docker-compose", "docker-compose.dcproj", "{63EA1874-D6B8-4D52-B916-C775919DD577}"
EndProject
Global
	GlobalSection(SolutionConfigurationPlatforms) = preSolution
		Debug|Any CPU = Debug|Any CPU
		Release|Any CPU = Release|Any CPU
	EndGlobalSection
	GlobalSection(ProjectConfigurationPlatforms) = postSolution
		{F1020521-922F-4EF4-9806-E6166FD844B1}.Debug|Any CPU.ActiveCfg = Debug|Any CPU
		{F1020521-922F-4EF4-9806-E6166FD844B1}.Debug|Any CPU.Build.0 = Debug|Any CPU
		{F1020521-922F-4EF4-9806-E6166FD844B1}.Release|Any CPU.ActiveCfg = Release|Any CPU
		{F1020521-922F-4EF4-9806-E6166FD844B1}.Release|Any CPU.Build.0 = Release|Any CPU
		{63EA1874-D6B8-4D52-B916-C775919DD577}.Debug|Any CPU.ActiveCfg = Debug|Any CPU
		{63EA1874-D6B8-4D52-B916-C775919DD577}.Debug|Any CPU.Build.0 = Debug|Any CPU
		{63EA1874-D6B8-4D52-B916-C775919DD577}.Release|Any CPU.ActiveCfg = Release|Any CPU
		{63EA1874-D6B8-4D52-B916-C775919DD577}.Release|Any CPU.Build.0 = Release|Any CPU
	EndGlobalSection
	GlobalSection(SolutionProperties) = preSolution
		HideSolutionNode = FALSE
	EndGlobalSection
	GlobalSection(ExtensibilityGlobals) = postSolution
		SolutionGuid = {DC6C6DEA-3EB6-439A-AE03-43698361909A}
	EndGlobalSection
EndGlobal
